
Microsoft Visual Studio Solution File, Format Version 12.00
# Visual Studio Version 16
VisualStudioVersion = 16.0.31205.134
MinimumVisualStudioVersion = 10.0.40219.1
Project("{9A19103F-16F7-4668-BE54-9A1E7A4F7556}") = "Web", "src\Web\Web.csproj", "{C728C975-EEE4-4A54-ACD2-95E8BCA2F5CE}"
EndProject
Global
	GlobalSection(SolutionConfigurationPlatforms) = preSolution
		Debug|Any CPU = Debug|Any CPU
		Release|Any CPU = Release|Any CPU
	EndGlobalSection
	GlobalSection(ProjectConfigurationPlatforms) = postSolution
		{C728C975-EEE4-4A54-ACD2-95E8BCA2F5CE}.Debug|Any CPU.ActiveCfg = Debug|Any CPU
		{C728C975-EEE4-4A54-ACD2-95E8BCA2F5CE}.Debug|Any CPU.Build.0 = Debug|Any CPU
		{C728C975-EEE4-4A54-ACD2-95E8BCA2F5CE}.Release|Any CPU.ActiveCfg = Release|Any CPU
		{C728C975-EEE4-4A54-ACD2-95E8BCA2F5CE}.Release|Any CPU.Build.0 = Release|Any CPU
	EndGlobalSection
	GlobalSection(SolutionProperties) = preSolution
		HideSolutionNode = FALSE
	EndGlobalSection
	GlobalSection(ExtensibilityGlobals) = postSolution
		SolutionGuid = {B012FBA6-EA99-4AF5-8EA9-290F62817D3D}
	EndGlobalSection
EndGlobal
